// !$*UTF8*$!
{
	archiveVersion = 1;
	classes = {
	};
	objectVersion = 55;
	objects = {

/* Begin PBXBuildFile section */
		C4A8E33927DE141D0032FCAC /* AppDelegate.swift in Sources */ = {isa = PBXBuildFile; fileRef = C4A8E33827DE141D0032FCAC /* AppDelegate.swift */; };
		C4A8E33B27DE141D0032FCAC /* SceneDelegate.swift in Sources */ = {isa = PBXBuildFile; fileRef = C4A8E33A27DE141D0032FCAC /* SceneDelegate.swift */; };
		C4A8E33D27DE141D0032FCAC /* ViewController.swift in Sources */ = {isa = PBXBuildFile; fileRef = C4A8E33C27DE141D0032FCAC /* ViewController.swift */; };
		C4A8E34027DE141D0032FCAC /* Main.storyboard in Resources */ = {isa = PBXBuildFile; fileRef = C4A8E33E27DE141D0032FCAC /* Main.storyboard */; };
		C4A8E34227DE141D0032FCAC /* Assets.xcassets in Resources */ = {isa = PBXBuildFile; fileRef = C4A8E34127DE141D0032FCAC /* Assets.xcassets */; };
		C4A8E34527DE141D0032FCAC /* LaunchScreen.storyboard in Resources */ = {isa = PBXBuildFile; fileRef = C4A8E34327DE141D0032FCAC /* LaunchScreen.storyboard */; };
		C4A8E35027DE141D0032FCAC /* RollDiceGameTests.swift in Sources */ = {isa = PBXBuildFile; fileRef = C4A8E34F27DE141D0032FCAC /* RollDiceGameTests.swift */; };
		C4A8E35A27DE141D0032FCAC /* RollDiceGameUITests.swift in Sources */ = {isa = PBXBuildFile; fileRef = C4A8E35927DE141D0032FCAC /* RollDiceGameUITests.swift */; };
		C4A8E35C27DE141D0032FCAC /* RollDiceGameUITestsLaunchTests.swift in Sources */ = {isa = PBXBuildFile; fileRef = C4A8E35B27DE141D0032FCAC /* RollDiceGameUITestsLaunchTests.swift */; };
		C4E1349B28049BE400B997B7 /* Bangers-Regular.ttf in Resources */ = {isa = PBXBuildFile; fileRef = C4E1349A28049BE400B997B7 /* Bangers-Regular.ttf */; };
/* End PBXBuildFile section */

/* Begin PBXContainerItemProxy section */
		C4A8E34C27DE141D0032FCAC /* PBXContainerItemProxy */ = {
			isa = PBXContainerItemProxy;
			containerPortal = C4A8E32D27DE141D0032FCAC /* Project object */;
			proxyType = 1;
			remoteGlobalIDString = C4A8E33427DE141D0032FCAC;
			remoteInfo = RollDiceGame;
		};
		C4A8E35627DE141D0032FCAC /* PBXContainerItemProxy */ = {
			isa = PBXContainerItemProxy;
			containerPortal = C4A8E32D27DE141D0032FCAC /* Project object */;
			proxyType = 1;
			remoteGlobalIDString = C4A8E33427DE141D0032FCAC;
			remoteInfo = RollDiceGame;
		};
/* End PBXContainerItemProxy section */

/* Begin PBXFileReference section */
		C4A8E33527DE141D0032FCAC /* RollDiceGame.app */ = {isa = PBXFileReference; explicitFileType = wrapper.application; includeInIndex = 0; path = RollDiceGame.app; sourceTree = BUILT_PRODUCTS_DIR; };
		C4A8E33827DE141D0032FCAC /* AppDelegate.swift */ = {isa = PBXFileReference; lastKnownFileType = sourcecode.swift; path = AppDelegate.swift; sourceTree = "<group>"; };
		C4A8E33A27DE141D0032FCAC /* SceneDelegate.swift */ = {isa = PBXFileReference; lastKnownFileType = sourcecode.swift; path = SceneDelegate.swift; sourceTree = "<group>"; };
		C4A8E33C27DE141D0032FCAC /* ViewController.swift */ = {isa = PBXFileReference; lastKnownFileType = sourcecode.swift; path = ViewController.swift; sourceTree = "<group>"; };
		C4A8E33F27DE141D0032FCAC /* Base */ = {isa = PBXFileReference; lastKnownFileType = file.storyboard; name = Base; path = Base.lproj/Main.storyboard; sourceTree = "<group>"; };
		C4A8E34127DE141D0032FCAC /* Assets.xcassets */ = {isa = PBXFileReference; lastKnownFileType = folder.assetcatalog; path = Assets.xcassets; sourceTree = "<group>"; };
		C4A8E34427DE141D0032FCAC /* Base */ = {isa = PBXFileReference; lastKnownFileType = file.storyboard; name = Base; path = Base.lproj/LaunchScreen.storyboard; sourceTree = "<group>"; };
		C4A8E34627DE141D0032FCAC /* Info.plist */ = {isa = PBXFileReference; lastKnownFileType = text.plist.xml; path = Info.plist; sourceTree = "<group>"; };
		C4A8E34B27DE141D0032FCAC /* RollDiceGameTests.xctest */ = {isa = PBXFileReference; explicitFileType = wrapper.cfbundle; includeInIndex = 0; path = RollDiceGameTests.xctest; sourceTree = BUILT_PRODUCTS_DIR; };
		C4A8E34F27DE141D0032FCAC /* RollDiceGameTests.swift */ = {isa = PBXFileReference; lastKnownFileType = sourcecode.swift; path = RollDiceGameTests.swift; sourceTree = "<group>"; };
		C4A8E35527DE141D0032FCAC /* RollDiceGameUITests.xctest */ = {isa = PBXFileReference; explicitFileType = wrapper.cfbundle; includeInIndex = 0; path = RollDiceGameUITests.xctest; sourceTree = BUILT_PRODUCTS_DIR; };
		C4A8E35927DE141D0032FCAC /* RollDiceGameUITests.swift */ = {isa = PBXFileReference; lastKnownFileType = sourcecode.swift; path = RollDiceGameUITests.swift; sourceTree = "<group>"; };
		C4A8E35B27DE141D0032FCAC /* RollDiceGameUITestsLaunchTests.swift */ = {isa = PBXFileReference; lastKnownFileType = sourcecode.swift; path = RollDiceGameUITestsLaunchTests.swift; sourceTree = "<group>"; };
		C4E1349A28049BE400B997B7 /* Bangers-Regular.ttf */ = {isa = PBXFileReference; lastKnownFileType = file; path = "Bangers-Regular.ttf"; sourceTree = "<group>"; };
		C4F52909280A951200FAA410 /* tr */ = {isa = PBXFileReference; lastKnownFileType = text.plist.strings; name = tr; path = tr.lproj/Main.strings; sourceTree = "<group>"; };
		C4F5290A280A951200FAA410 /* tr */ = {isa = PBXFileReference; lastKnownFileType = text.plist.strings; name = tr; path = tr.lproj/LaunchScreen.strings; sourceTree = "<group>"; };
/* End PBXFileReference section */

/* Begin PBXFrameworksBuildPhase section */
		C4A8E33227DE141D0032FCAC /* Frameworks */ = {
			isa = PBXFrameworksBuildPhase;
			buildActionMask = 2147483647;
			files = (
			);
			runOnlyForDeploymentPostprocessing = 0;
		};
		C4A8E34827DE141D0032FCAC /* Frameworks */ = {
			isa = PBXFrameworksBuildPhase;
			buildActionMask = 2147483647;
			files = (
			);
			runOnlyForDeploymentPostprocessing = 0;
		};
		C4A8E35227DE141D0032FCAC /* Frameworks */ = {
			isa = PBXFrameworksBuildPhase;
			buildActionMask = 2147483647;
			files = (
			);
			runOnlyForDeploymentPostprocessing = 0;
		};
/* End PBXFrameworksBuildPhase section */

/* Begin PBXGroup section */
		C4A8E32C27DE141D0032FCAC = {
			isa = PBXGroup;
			children = (
				C4E1349928049B8700B997B7 /* Fonts */,
				C4A8E33727DE141D0032FCAC /* RollDiceGame */,
				C4A8E34E27DE141D0032FCAC /* RollDiceGameTests */,
				C4A8E35827DE141D0032FCAC /* RollDiceGameUITests */,
				C4A8E33627DE141D0032FCAC /* Products */,
			);
			sourceTree = "<group>";
		};
		C4A8E33627DE141D0032FCAC /* Products */ = {
			isa = PBXGroup;
			children = (
				C4A8E33527DE141D0032FCAC /* RollDiceGame.app */,
				C4A8E34B27DE141D0032FCAC /* RollDiceGameTests.xctest */,
				C4A8E35527DE141D0032FCAC /* RollDiceGameUITests.xctest */,
			);
			name = Products;
			sourceTree = "<group>";
		};
		C4A8E33727DE141D0032FCAC /* RollDiceGame */ = {
			isa = PBXGroup;
			children = (
				C4A8E33827DE141D0032FCAC /* AppDelegate.swift */,
				C4A8E33A27DE141D0032FCAC /* SceneDelegate.swift */,
				C4A8E33C27DE141D0032FCAC /* ViewController.swift */,
				C4A8E33E27DE141D0032FCAC /* Main.storyboard */,
				C4A8E34127DE141D0032FCAC /* Assets.xcassets */,
				C4A8E34327DE141D0032FCAC /* LaunchScreen.storyboard */,
				C4A8E34627DE141D0032FCAC /* Info.plist */,
			);
			path = RollDiceGame;
			sourceTree = "<group>";
		};
		C4A8E34E27DE141D0032FCAC /* RollDiceGameTests */ = {
			isa = PBXGroup;
			children = (
				C4A8E34F27DE141D0032FCAC /* RollDiceGameTests.swift */,
			);
			path = RollDiceGameTests;
			sourceTree = "<group>";
		};
		C4A8E35827DE141D0032FCAC /* RollDiceGameUITests */ = {
			isa = PBXGroup;
			children = (
				C4A8E35927DE141D0032FCAC /* RollDiceGameUITests.swift */,
				C4A8E35B27DE141D0032FCAC /* RollDiceGameUITestsLaunchTests.swift */,
			);
			path = RollDiceGameUITests;
			sourceTree = "<group>";
		};
		C4E1349928049B8700B997B7 /* Fonts */ = {
			isa = PBXGroup;
			children = (
				C4E1349A28049BE400B997B7 /* Bangers-Regular.ttf */,
			);
			path = Fonts;
			sourceTree = "<group>";
		};
/* End PBXGroup section */

/* Begin PBXNativeTarget section */
		C4A8E33427DE141D0032FCAC /* RollDiceGame */ = {
			isa = PBXNativeTarget;
			buildConfigurationList = C4A8E35F27DE141D0032FCAC /* Build configuration list for PBXNativeTarget "RollDiceGame" */;
			buildPhases = (
				C4A8E33127DE141D0032FCAC /* Sources */,
				C4A8E33227DE141D0032FCAC /* Frameworks */,
				C4A8E33327DE141D0032FCAC /* Resources */,
			);
			buildRules = (
			);
			dependencies = (
			);
			name = RollDiceGame;
			productName = RollDiceGame;
			productReference = C4A8E33527DE141D0032FCAC /* RollDiceGame.app */;
			productType = "com.apple.product-type.application";
		};
		C4A8E34A27DE141D0032FCAC /* RollDiceGameTests */ = {
			isa = PBXNativeTarget;
			buildConfigurationList = C4A8E36227DE141D0032FCAC /* Build configuration list for PBXNativeTarget "RollDiceGameTests" */;
			buildPhases = (
				C4A8E34727DE141D0032FCAC /* Sources */,
				C4A8E34827DE141D0032FCAC /* Frameworks */,
				C4A8E34927DE141D0032FCAC /* Resources */,
			);
			buildRules = (
			);
			dependencies = (
				C4A8E34D27DE141D0032FCAC /* PBXTargetDependency */,
			);
			name = RollDiceGameTests;
			productName = RollDiceGameTests;
			productReference = C4A8E34B27DE141D0032FCAC /* RollDiceGameTests.xctest */;
			productType = "com.apple.product-type.bundle.unit-test";
		};
		C4A8E35427DE141D0032FCAC /* RollDiceGameUITests */ = {
			isa = PBXNativeTarget;
			buildConfigurationList = C4A8E36527DE141D0032FCAC /* Build configuration list for PBXNativeTarget "RollDiceGameUITests" */;
			buildPhases = (
				C4A8E35127DE141D0032FCAC /* Sources */,
				C4A8E35227DE141D0032FCAC /* Frameworks */,
				C4A8E35327DE141D0032FCAC /* Resources */,
			);
			buildRules = (
			);
			dependencies = (
				C4A8E35727DE141D0032FCAC /* PBXTargetDependency */,
			);
			name = RollDiceGameUITests;
			productName = RollDiceGameUITests;
			productReference = C4A8E35527DE141D0032FCAC /* RollDiceGameUITests.xctest */;
			productType = "com.apple.product-type.bundle.ui-testing";
		};
/* End PBXNativeTarget section */

/* Begin PBXProject section */
		C4A8E32D27DE141D0032FCAC /* Project object */ = {
			isa = PBXProject;
			attributes = {
				BuildIndependentTargetsInParallel = 1;
				LastSwiftUpdateCheck = 1320;
				LastUpgradeCheck = 1320;
				TargetAttributes = {
					C4A8E33427DE141D0032FCAC = {
						CreatedOnToolsVersion = 13.2.1;
					};
					C4A8E34A27DE141D0032FCAC = {
						CreatedOnToolsVersion = 13.2.1;
						TestTargetID = C4A8E33427DE141D0032FCAC;
					};
					C4A8E35427DE141D0032FCAC = {
						CreatedOnToolsVersion = 13.2.1;
						TestTargetID = C4A8E33427DE141D0032FCAC;
					};
				};
			};
			buildConfigurationList = C4A8E33027DE141D0032FCAC /* Build configuration list for PBXProject "RollDiceGame" */;
			compatibilityVersion = "Xcode 13.0";
			developmentRegion = en;
			hasScannedForEncodings = 0;
			knownRegions = (
				en,
				Base,
				tr,
			);
			mainGroup = C4A8E32C27DE141D0032FCAC;
			productRefGroup = C4A8E33627DE141D0032FCAC /* Products */;
			projectDirPath = "";
			projectRoot = "";
			targets = (
				C4A8E33427DE141D0032FCAC /* RollDiceGame */,
				C4A8E34A27DE141D0032FCAC /* RollDiceGameTests */,
				C4A8E35427DE141D0032FCAC /* RollDiceGameUITests */,
			);
		};
/* End PBXProject section */

/* Begin PBXResourcesBuildPhase section */
		C4A8E33327DE141D0032FCAC /* Resources */ = {
			isa = PBXResourcesBuildPhase;
			buildActionMask = 2147483647;
			files = (
				C4E1349B28049BE400B997B7 /* Bangers-Regular.ttf in Resources */,
				C4A8E34527DE141D0032FCAC /* LaunchScreen.storyboard in Resources */,
				C4A8E34227DE141D0032FCAC /* Assets.xcassets in Resources */,
				C4A8E34027DE141D0032FCAC /* Main.storyboard in Resources */,
			);
			runOnlyForDeploymentPostprocessing = 0;
		};
		C4A8E34927DE141D0032FCAC /* Resources */ = {
			isa = PBXResourcesBuildPhase;
			buildActionMask = 2147483647;
			files = (
			);
			runOnlyForDeploymentPostprocessing = 0;
		};
		C4A8E35327DE141D0032FCAC /* Resources */ = {
			isa = PBXResourcesBuildPhase;
			buildActionMask = 2147483647;
			files = (
			);
			runOnlyForDeploymentPostprocessing = 0;
		};
/* End PBXResourcesBuildPhase section */

/* Begin PBXSourcesBuildPhase section */
		C4A8E33127DE141D0032FCAC /* Sources */ = {
			isa = PBXSourcesBuildPhase;
			buildActionMask = 2147483647;
			files = (
				C4A8E33D27DE141D0032FCAC /* ViewController.swift in Sources */,
				C4A8E33927DE141D0032FCAC /* AppDelegate.swift in Sources */,
				C4A8E33B27DE141D0032FCAC /* SceneDelegate.swift in Sources */,
			);
			runOnlyForDeploymentPostprocessing = 0;
		};
		C4A8E34727DE141D0032FCAC /* Sources */ = {
			isa = PBXSourcesBuildPhase;
			buildActionMask = 2147483647;
			files = (
				C4A8E35027DE141D0032FCAC /* RollDiceGameTests.swift in Sources */,
			);
			runOnlyForDeploymentPostprocessing = 0;
		};
		C4A8E35127DE141D0032FCAC /* Sources */ = {
			isa = PBXSourcesBuildPhase;
			buildActionMask = 2147483647;
			files = (
				C4A8E35C27DE141D0032FCAC /* RollDiceGameUITestsLaunchTests.swift in Sources */,
				C4A8E35A27DE141D0032FCAC /* RollDiceGameUITests.swift in Sources */,
			);
			runOnlyForDeploymentPostprocessing = 0;
		};
/* End PBXSourcesBuildPhase section */

/* Begin PBXTargetDependency section */
		C4A8E34D27DE141D0032FCAC /* PBXTargetDependency */ = {
			isa = PBXTargetDependency;
			target = C4A8E33427DE141D0032FCAC /* RollDiceGame */;
			targetProxy = C4A8E34C27DE141D0032FCAC /* PBXContainerItemProxy */;
		};
		C4A8E35727DE141D0032FCAC /* PBXTargetDependency */ = {
			isa = PBXTargetDependency;
			target = C4A8E33427DE141D0032FCAC /* RollDiceGame */;
			targetProxy = C4A8E35627DE141D0032FCAC /* PBXContainerItemProxy */;
		};
/* End PBXTargetDependency section */

/* Begin PBXVariantGroup section */
		C4A8E33E27DE141D0032FCAC /* Main.storyboard */ = {
			isa = PBXVariantGroup;
			children = (
				C4A8E33F27DE141D0032FCAC /* Base */,
				C4F52909280A951200FAA410 /* tr */,
			);
			name = Main.storyboard;
			sourceTree = "<group>";
		};
		C4A8E34327DE141D0032FCAC /* LaunchScreen.storyboard */ = {
			isa = PBXVariantGroup;
			children = (
				C4A8E34427DE141D0032FCAC /* Base */,
				C4F5290A280A951200FAA410 /* tr */,
			);
			name = LaunchScreen.storyboard;
			sourceTree = "<group>";
		};
/* End PBXVariantGroup section */

/* Begin XCBuildConfiguration section */
		C4A8E35D27DE141D0032FCAC /* Debug */ = {
			isa = XCBuildConfiguration;
			buildSettings = {
				ALWAYS_SEARCH_USER_PATHS = NO;
				CLANG_ANALYZER_LOCALIZABILITY_NONLOCALIZED = YES;
				CLANG_ANALYZER_NONNULL = YES;
				CLANG_ANALYZER_NUMBER_OBJECT_CONVERSION = YES_AGGRESSIVE;
				CLANG_CXX_LANGUAGE_STANDARD = "gnu++17";
				CLANG_CXX_LIBRARY = "libc++";
				CLANG_ENABLE_MODULES = YES;
				CLANG_ENABLE_OBJC_ARC = YES;
				CLANG_ENABLE_OBJC_WEAK = YES;
				CLANG_WARN_BLOCK_CAPTURE_AUTORELEASING = YES;
				CLANG_WARN_BOOL_CONVERSION = YES;
				CLANG_WARN_COMMA = YES;
				CLANG_WARN_CONSTANT_CONVERSION = YES;
				CLANG_WARN_DEPRECATED_OBJC_IMPLEMENTATIONS = YES;
				CLANG_WARN_DIRECT_OBJC_ISA_USAGE = YES_ERROR;
				CLANG_WARN_DOCUMENTATION_COMMENTS = YES;
				CLANG_WARN_EMPTY_BODY = YES;
				CLANG_WARN_ENUM_CONVERSION = YES;
				CLANG_WARN_INFINITE_RECURSION = YES;
				CLANG_WARN_INT_CONVERSION = YES;
				CLANG_WARN_NON_LITERAL_NULL_CONVERSION = YES;
				CLANG_WARN_OBJC_IMPLICIT_RETAIN_SELF = YES;
				CLANG_WARN_OBJC_LITERAL_CONVERSION = YES;
				CLANG_WARN_OBJC_ROOT_CLASS = YES_ERROR;
				CLANG_WARN_QUOTED_INCLUDE_IN_FRAMEWORK_HEADER = YES;
				CLANG_WARN_RANGE_LOOP_ANALYSIS = YES;
				CLANG_WARN_STRICT_PROTOTYPES = YES;
				CLANG_WARN_SUSPICIOUS_MOVE = YES;
				CLANG_WARN_UNGUARDED_AVAILABILITY = YES_AGGRESSIVE;
				CLANG_WARN_UNREACHABLE_CODE = YES;
				CLANG_WARN__DUPLICATE_METHOD_MATCH = YES;
				COPY_PHASE_STRIP = NO;
				DEBUG_INFORMATION_FORMAT = dwarf;
				ENABLE_STRICT_OBJC_MSGSEND = YES;
				ENABLE_TESTABILITY = YES;
				GCC_C_LANGUAGE_STANDARD = gnu11;
				GCC_DYNAMIC_NO_PIC = NO;
				GCC_NO_COMMON_BLOCKS = YES;
				GCC_OPTIMIZATION_LEVEL = 0;
				GCC_PREPROCESSOR_DEFINITIONS = (
					"DEBUG=1",
					"$(inherited)",
				);
				GCC_WARN_64_TO_32_BIT_CONVERSION = YES;
				GCC_WARN_ABOUT_RETURN_TYPE = YES_ERROR;
				GCC_WARN_UNDECLARED_SELECTOR = YES;
				GCC_WARN_UNINITIALIZED_AUTOS = YES_AGGRESSIVE;
				GCC_WARN_UNUSED_FUNCTION = YES;
				GCC_WARN_UNUSED_VARIABLE = YES;
				IPHONEOS_DEPLOYMENT_TARGET = 15.2;
				MTL_ENABLE_DEBUG_INFO = INCLUDE_SOURCE;
				MTL_FAST_MATH = YES;
				ONLY_ACTIVE_ARCH = YES;
				SDKROOT = iphoneos;
				SWIFT_ACTIVE_COMPILATION_CONDITIONS = DEBUG;
				SWIFT_OPTIMIZATION_LEVEL = "-Onone";
			};
			name = Debug;
		};
		C4A8E35E27DE141D0032FCAC /* Release */ = {
			isa = XCBuildConfiguration;
			buildSettings = {
				ALWAYS_SEARCH_USER_PATHS = NO;
				CLANG_ANALYZER_LOCALIZABILITY_NONLOCALIZED = YES;
				CLANG_ANALYZER_NONNULL = YES;
				CLANG_ANALYZER_NUMBER_OBJECT_CONVERSION = YES_AGGRESSIVE;
				CLANG_CXX_LANGUAGE_STANDARD = "gnu++17";
				CLANG_CXX_LIBRARY = "libc++";
				CLANG_ENABLE_MODULES = YES;
				CLANG_ENABLE_OBJC_ARC = YES;
				CLANG_ENABLE_OBJC_WEAK = YES;
				CLANG_WARN_BLOCK_CAPTURE_AUTORELEASING = YES;
				CLANG_WARN_BOOL_CONVERSION = YES;
				CLANG_WARN_COMMA = YES;
				CLANG_WARN_CONSTANT_CONVERSION = YES;
				CLANG_WARN_DEPRECATED_OBJC_IMPLEMENTATIONS = YES;
				CLANG_WARN_DIRECT_OBJC_ISA_USAGE = YES_ERROR;
				CLANG_WARN_DOCUMENTATION_COMMENTS = YES;
				CLANG_WARN_EMPTY_BODY = YES;
				CLANG_WARN_ENUM_CONVERSION = YES;
				CLANG_WARN_INFINITE_RECURSION = YES;
				CLANG_WARN_INT_CONVERSION = YES;
				CLANG_WARN_NON_LITERAL_NULL_CONVERSION = YES;
				CLANG_WARN_OBJC_IMPLICIT_RETAIN_SELF = YES;
				CLANG_WARN_OBJC_LITERAL_CONVERSION = YES;
				CLANG_WARN_OBJC_ROOT_CLASS = YES_ERROR;
				CLANG_WARN_QUOTED_INCLUDE_IN_FRAMEWORK_HEADER = YES;
				CLANG_WARN_RANGE_LOOP_ANALYSIS = YES;
				CLANG_WARN_STRICT_PROTOTYPES = YES;
				CLANG_WARN_SUSPICIOUS_MOVE = YES;
				CLANG_WARN_UNGUARDED_AVAILABILITY = YES_AGGRESSIVE;
				CLANG_WARN_UNREACHABLE_CODE = YES;
				CLANG_WARN__DUPLICATE_METHOD_MATCH = YES;
				COPY_PHASE_STRIP = NO;
				DEBUG_INFORMATION_FORMAT = "dwarf-with-dsym";
				ENABLE_NS_ASSERTIONS = NO;
				ENABLE_STRICT_OBJC_MSGSEND = YES;
				GCC_C_LANGUAGE_STANDARD = gnu11;
				GCC_NO_COMMON_BLOCKS = YES;
				GCC_WARN_64_TO_32_BIT_CONVERSION = YES;
				GCC_WARN_ABOUT_RETURN_TYPE = YES_ERROR;
				GCC_WARN_UNDECLARED_SELECTOR = YES;
				GCC_WARN_UNINITIALIZED_AUTOS = YES_AGGRESSIVE;
				GCC_WARN_UNUSED_FUNCTION = YES;
				GCC_WARN_UNUSED_VARIABLE = YES;
				IPHONEOS_DEPLOYMENT_TARGET = 15.2;
				MTL_ENABLE_DEBUG_INFO = NO;
				MTL_FAST_MATH = YES;
				SDKROOT = iphoneos;
				SWIFT_COMPILATION_MODE = wholemodule;
				SWIFT_OPTIMIZATION_LEVEL = "-O";
				VALIDATE_PRODUCT = YES;
			};
			name = Release;
		};
		C4A8E36027DE141D0032FCAC /* Debug */ = {
			isa = XCBuildConfiguration;
			buildSettings = {
				ASSETCATALOG_COMPILER_APPICON_NAME = AppIcon;
				ASSETCATALOG_COMPILER_GLOBAL_ACCENT_COLOR_NAME = AccentColor;
				CODE_SIGN_STYLE = Automatic;
				CURRENT_PROJECT_VERSION = 1;
				DEVELOPMENT_TEAM = CRW4G98LL8;
				GENERATE_INFOPLIST_FILE = YES;
				INFOPLIST_FILE = RollDiceGame/Info.plist;
				INFOPLIST_KEY_UIApplicationSupportsIndirectInputEvents = YES;
				INFOPLIST_KEY_UILaunchStoryboardName = LaunchScreen;
				INFOPLIST_KEY_UIMainStoryboardFile = Main;
				INFOPLIST_KEY_UISupportedInterfaceOrientations_iPad = "UIInterfaceOrientationPortrait UIInterfaceOrientationPortraitUpsideDown UIInterfaceOrientationLandscapeLeft UIInterfaceOrientationLandscapeRight";
				INFOPLIST_KEY_UISupportedInterfaceOrientations_iPhone = "UIInterfaceOrientationPortrait UIInterfaceOrientationLandscapeLeft UIInterfaceOrientationLandscapeRight";
				LD_RUNPATH_SEARCH_PATHS = (
					"$(inherited)",
					"@executable_path/Frameworks",
				);
				MARKETING_VERSION = 1.0;
				PRODUCT_BUNDLE_IDENTIFIER = com.gizemturker.RollDiceGame;
				PRODUCT_NAME = "$(TARGET_NAME)";
				SWIFT_EMIT_LOC_STRINGS = YES;
				SWIFT_VERSION = 5.0;
				TARGETED_DEVICE_FAMILY = "1,2";
			};
			name = Debug;
		};
		C4A8E36127DE141D0032FCAC /* Release */ = {
			isa = XCBuildConfiguration;
			buildSettings = {
				ASSETCATALOG_COMPILER_APPICON_NAME = AppIcon;
				ASSETCATALOG_COMPILER_GLOBAL_ACCENT_COLOR_NAME = AccentColor;
				CODE_SIGN_STYLE = Automatic;
				CURRENT_PROJECT_VERSION = 1;
				DEVELOPMENT_TEAM = CRW4G98LL8;
				GENERATE_INFOPLIST_FILE = YES;
				INFOPLIST_FILE = RollDiceGame/Info.plist;
				INFOPLIST_KEY_UIApplicationSupportsIndirectInputEvents = YES;
				INFOPLIST_KEY_UILaunchStoryboardName = LaunchScreen;
				INFOPLIST_KEY_UIMainStoryboardFile = Main;
				INFOPLIST_KEY_UISupportedInterfaceOrientations_iPad = "UIInterfaceOrientationPortrait UIInterfaceOrientationPortraitUpsideDown UIInterfaceOrientationLandscapeLeft UIInterfaceOrientationLandscapeRight";
				INFOPLIST_KEY_UISupportedInterfaceOrientations_iPhone = "UIInterfaceOrientationPortrait UIInterfaceOrientationLandscapeLeft UIInterfaceOrientationLandscapeRight";
				LD_RUNPATH_SEARCH_PATHS = (
					"$(inherited)",
					"@executable_path/Frameworks",
				);
				MARKETING_VERSION = 1.0;
				PRODUCT_BUNDLE_IDENTIFIER = com.gizemturker.RollDiceGame;
				PRODUCT_NAME = "$(TARGET_NAME)";
				SWIFT_EMIT_LOC_STRINGS = YES;
				SWIFT_VERSION = 5.0;
				TARGETED_DEVICE_FAMILY = "1,2";
			};
			name = Release;
		};
		C4A8E36327DE141D0032FCAC /* Debug */ = {
			isa = XCBuildConfiguration;
			buildSettings = {
				ALWAYS_EMBED_SWIFT_STANDARD_LIBRARIES = YES;
				BUNDLE_LOADER = "$(TEST_HOST)";
				CODE_SIGN_STYLE = Automatic;
				CURRENT_PROJECT_VERSION = 1;
				DEVELOPMENT_TEAM = CRW4G98LL8;
				GENERATE_INFOPLIST_FILE = YES;
				IPHONEOS_DEPLOYMENT_TARGET = 15.2;
				MARKETING_VERSION = 1.0;
				PRODUCT_BUNDLE_IDENTIFIER = com.gizemturker.RollDiceGameTests;
				PRODUCT_NAME = "$(TARGET_NAME)";
				SWIFT_EMIT_LOC_STRINGS = NO;
				SWIFT_VERSION = 5.0;
				TARGETED_DEVICE_FAMILY = "1,2";
				TEST_HOST = "$(BUILT_PRODUCTS_DIR)/RollDiceGame.app/RollDiceGame";
			};
			name = Debug;
		};
		C4A8E36427DE141D0032FCAC /* Release */ = {
			isa = XCBuildConfiguration;
			buildSettings = {
				ALWAYS_EMBED_SWIFT_STANDARD_LIBRARIES = YES;
				BUNDLE_LOADER = "$(TEST_HOST)";
				CODE_SIGN_STYLE = Automatic;
				CURRENT_PROJECT_VERSION = 1;
				DEVELOPMENT_TEAM = CRW4G98LL8;
				GENERATE_INFOPLIST_FILE = YES;
				IPHONEOS_DEPLOYMENT_TARGET = 15.2;
				MARKETING_VERSION = 1.0;
				PRODUCT_BUNDLE_IDENTIFIER = com.gizemturker.RollDiceGameTests;
				PRODUCT_NAME = "$(TARGET_NAME)";
				SWIFT_EMIT_LOC_STRINGS = NO;
				SWIFT_VERSION = 5.0;
				TARGETED_DEVICE_FAMILY = "1,2";
				TEST_HOST = "$(BUILT_PRODUCTS_DIR)/RollDiceGame.app/RollDiceGame";
			};
			name = Release;
		};
		C4A8E36627DE141D0032FCAC /* Debug */ = {
			isa = XCBuildConfiguration;
			buildSettings = {
				ALWAYS_EMBED_SWIFT_STANDARD_LIBRARIES = YES;
				CODE_SIGN_STYLE = Automatic;
				CURRENT_PROJECT_VERSION = 1;
				DEVELOPMENT_TEAM = CRW4G98LL8;
				GENERATE_INFOPLIST_FILE = YES;
				MARKETING_VERSION = 1.0;
				PRODUCT_BUNDLE_IDENTIFIER = com.gizemturker.RollDiceGameUITests;
				PRODUCT_NAME = "$(TARGET_NAME)";
				SWIFT_EMIT_LOC_STRINGS = NO;
				SWIFT_VERSION = 5.0;
				TARGETED_DEVICE_FAMILY = "1,2";
				TEST_TARGET_NAME = RollDiceGame;
			};
			name = Debug;
		};
		C4A8E36727DE141D0032FCAC /* Release */ = {
			isa = XCBuildConfiguration;
			buildSettings = {
				ALWAYS_EMBED_SWIFT_STANDARD_LIBRARIES = YES;
				CODE_SIGN_STYLE = Automatic;
				CURRENT_PROJECT_VERSION = 1;
				DEVELOPMENT_TEAM = CRW4G98LL8;
				GENERATE_INFOPLIST_FILE = YES;
				MARKETING_VERSION = 1.0;
				PRODUCT_BUNDLE_IDENTIFIER = com.gizemturker.RollDiceGameUITests;
				PRODUCT_NAME = "$(TARGET_NAME)";
				SWIFT_EMIT_LOC_STRINGS = NO;
				SWIFT_VERSION = 5.0;
				TARGETED_DEVICE_FAMILY = "1,2";
				TEST_TARGET_NAME = RollDiceGame;
			};
			name = Release;
		};
/* End XCBuildConfiguration section */

/* Begin XCConfigurationList section */
		C4A8E33027DE141D0032FCAC /* Build configuration list for PBXProject "RollDiceGame" */ = {
			isa = XCConfigurationList;
			buildConfigurations = (
				C4A8E35D27DE141D0032FCAC /* Debug */,
				C4A8E35E27DE141D0032FCAC /* Release */,
			);
			defaultConfigurationIsVisible = 0;
			defaultConfigurationName = Release;
		};
		C4A8E35F27DE141D0032FCAC /* Build configuration list for PBXNativeTarget "RollDiceGame" */ = {
			isa = XCConfigurationList;
			buildConfigurations = (
				C4A8E36027DE141D0032FCAC /* Debug */,
				C4A8E36127DE141D0032FCAC /* Release */,
			);
			defaultConfigurationIsVisible = 0;
			defaultConfigurationName = Release;
		};
		C4A8E36227DE141D0032FCAC /* Build configuration list for PBXNativeTarget "RollDiceGameTests" */ = {
			isa = XCConfigurationList;
			buildConfigurations = (
				C4A8E36327DE141D0032FCAC /* Debug */,
				C4A8E36427DE141D0032FCAC /* Release */,
			);
			defaultConfigurationIsVisible = 0;
			defaultConfigurationName = Release;
		};
		C4A8E36527DE141D0032FCAC /* Build configuration list for PBXNativeTarget "RollDiceGameUITests" */ = {
			isa = XCConfigurationList;
			buildConfigurations = (
				C4A8E36627DE141D0032FCAC /* Debug */,
				C4A8E36727DE141D0032FCAC /* Release */,
			);
			defaultConfigurationIsVisible = 0;
			defaultConfigurationName = Release;
		};
/* End XCConfigurationList section */
	};
	rootObject = C4A8E32D27DE141D0032FCAC /* Project object */;
}
